<?xml version="1.0" encoding="utf-8"?>
<Project ToolsVersion="4.0" xmlns="http://schemas.microsoft.com/developer/msbuild/2003">
  <ItemGroup>
    <Filter Include="File di origine">
      <UniqueIdentifier>{4FC737F1-C7A5-4376-A066-2A32D752A2FF}</UniqueIdentifier>
      <Extensions>cpp;c;cc;cxx;def;odl;idl;hpj;bat;asm;asmx</Extensions>
    </Filter>
    <Filter Include="File di intestazione">
      <UniqueIdentifier>{93995380-89BD-4b04-88EB-625FBE52EBFB}</UniqueIdentifier>
      <Extensions>h;hpp;hxx;hm;inl;inc;xsd</Extensions>
    </Filter>
    <Filter Include="File di risorse">
      <UniqueIdentifier>{67DA6AB6-F800-4c08-8B7A-83BB121AAD01}</UniqueIdentifier>
      <Extensions>rc;ico;cur;bmp;dlg;rc2;rct;bin;rgs;gif;jpg;jpeg;jpe;resx;tiff;tif;png;wav;mfcribbon-ms</Extensions>
    </Filter>
    <Filter Include="File di intestazione\Parse">
      <UniqueIdentifier>{bf1fd9f4-b8b4-46b8-ac7c-ee364a765a9a}</UniqueIdentifier>
    </Filter>
    <Filter Include="File di origine\Parse">
      <UniqueIdentifier>{ceafbd0a-f088-4d10-b0cd-133312c3abd7}</UniqueIdentifier>
    </Filter>
  </ItemGroup>
  <ItemGroup>
    <ClInclude Include="Parse\UtilityString.h">
      <Filter>File di origine\Parse</Filter>
    </ClInclude>
    <ClInclude Include="Parse\ErrorParse.h">
      <Filter>File di intestazione\Parse</Filter>
    </ClInclude>
    <ClInclude Include="Parse\LexerTree.h">
      <Filter>File di intestazione\Parse</Filter>
    </ClInclude>
    <ClInclude Include="Parse\Tokenizer.h">
      <Filter>File di intestazione\Parse</Filter>
    </ClInclude>
    <ClInclude Include="Parse\TreeNode.h">
      <Filter>File di intestazione\Parse</Filter>
    </ClInclude>
    <ClInclude Include="LbError.h">
      <Filter>File di intestazione</Filter>
    </ClInclude>
    <ClInclude Include="LbFunction.h">
      <Filter>File di intestazione</Filter>
    </ClInclude>
    <ClInclude Include="LbString.h">
      <Filter>File di intestazione</Filter>
    </ClInclude>
    <ClInclude Include="LbType.h">
      <Filter>File di intestazione</Filter>
    </ClInclude>
    <ClInclude Include="LbVariable.h">
      <Filter>File di intestazione</Filter>
    </ClInclude>
    <ClInclude Include="LbApi.h">
      <Filter>File di intestazione</Filter>
    </ClInclude>
    <ClInclude Include="VMliteB.h">
      <Filter>File di intestazione</Filter>
    </ClInclude>
  </ItemGroup>
  <ItemGroup>
    <ClCompile Include="Parse\ErrorParse.cpp">
      <Filter>File di origine\Parse</Filter>
    </ClCompile>
    <ClCompile Include="Parse\LexerTree.cpp">
      <Filter>File di origine\Parse</Filter>
    </ClCompile>
    <ClCompile Include="Parse\Tokenizer.cpp">
      <Filter>File di origine\Parse</Filter>
    </ClCompile>
    <ClCompile Include="Parse\TreeNode.cpp">
      <Filter>File di origine\Parse</Filter>
    </ClCompile>
    <ClCompile Include="main.cpp">
      <Filter>File di origine</Filter>
    </ClCompile>
    <ClCompile Include="LbError.cxx">
      <Filter>File di origine</Filter>
    </ClCompile>
    <ClCompile Include="LbFunction.cxx">
      <Filter>File di origine</Filter>
    </ClCompile>
    <ClCompile Include="LbString.cxx">
      <Filter>File di origine</Filter>
    </ClCompile>
    <ClCompile Include="LbVariable.cxx">
      <Filter>File di origine</Filter>
    </ClCompile>
    <ClCompile Include="LbApi.cxx">
      <Filter>File di origine</Filter>
    </ClCompile>
    <ClCompile Include="VMliteB.cxx">
      <Filter>File di origine</Filter>
    </ClCompile>
  </ItemGroup>
  <ItemGroup>
    <None Include="test.pl">
      <Filter>File di risorse</Filter>
    </None>
  </ItemGroup>
</Project>